# This file is generated by running "yarn install" inside your project.
# Manual changes might be lost - proceed with caution!

__metadata:
  version: 8
  cacheKey: 10

"@graphile/lru@npm:^5.0.0-rc.1":
  version: 5.0.0-rc.1
  resolution: "@graphile/lru@npm:5.0.0-rc.1"
  dependencies:
    tslib: "npm:^2.8.1"
  checksum: 10/6f10cf9d5138f25d3f7e84bf008d7db0efde96372c9c33400ee0be49b156d712fbc1c5784ffdc4266e6fe92e297b80b6e90e33a2d40dcf18ca8b178aeb731b2e
  languageName: node
  linkType: hard

"@tsconfig/node-ts@npm:^23.6.1":
  version: 23.6.1
  resolution: "@tsconfig/node-ts@npm:23.6.1"
  checksum: 10/a4ca06d3472c8088fde2715069bdc5c9c670c1c81e90c7c30ab3587cee955aa56b1d31ba175e406e6246815c8e6a9ad389f35ddd4f963f6ac5658fe0698013f1
  languageName: node
  linkType: hard

"@tsconfig/node24@npm:^24.0.1":
  version: 24.0.1
  resolution: "@tsconfig/node24@npm:24.0.1"
  checksum: 10/0ea96dea3aae641da61e0c376306f2314a6c63b200359925f8ad949705246d5dfab01cc25aaf8d8d04a81919390aa2bfddf172a947f85583e1db977a4dd3fb4f
  languageName: node
  linkType: hard

"@types/interpret@npm:^1.1.3":
  version: 1.1.3
  resolution: "@types/interpret@npm:1.1.3"
  dependencies:
    "@types/node": "npm:*"
  checksum: 10/a80f9a5c0825f3d1288af9ced3aeb909e2716f9ce1326e9e7e6a8bbfd80c1cf8b273fe0a6fadb282946aba1d21a33acd05e6317ac711084cc690c8fca490f0a4
  languageName: node
  linkType: hard

"@types/node@npm:*":
  version: 24.10.1
  resolution: "@types/node@npm:24.10.1"
  dependencies:
    undici-types: "npm:~7.16.0"
  checksum: 10/ddac8c97be5f7401e31ea0e9316c6e864993c6cd06689b7f9874ecfb576ef8349f2d14298248a08b94a6dd029570a46a285cddc4d50e524817f1a3730b29a86e
  languageName: node
  linkType: hard

"@types/node@npm:^22.16.3":
  version: 22.19.1
  resolution: "@types/node@npm:22.19.1"
  dependencies:
    undici-types: "npm:~6.21.0"
  checksum: 10/40d5368faa6d9be6c27ebca2362734bc9e035a742e0b5cafee40ba3b355d7cfcaedbc93618c76465451e53f1af0c811b4b85ee9b85e2e942f34a4c5310fa047b
  languageName: node
  linkType: hard

"@types/semver@npm:^7.7.0":
  version: 7.7.1
  resolution: "@types/semver@npm:7.7.1"
  checksum: 10/8f09e7e6ca3ded67d78ba7a8f7535c8d9cf8ced83c52e7f3ac3c281fe8c689c3fe475d199d94390dc04fc681d51f2358b430bb7b2e21c62de24f2bee2c719068
  languageName: node
  linkType: hard

"ansi-regex@npm:^5.0.1":
  version: 5.0.1
  resolution: "ansi-regex@npm:5.0.1"
  checksum: 10/2aa4bb54caf2d622f1afdad09441695af2a83aa3fe8b8afa581d205e57ed4261c183c4d3877cee25794443fde5876417d859c108078ab788d6af7e4fe52eb66b
  languageName: node
  linkType: hard

"ansi-styles@npm:^4.0.0, ansi-styles@npm:^4.1.0":
  version: 4.3.0
  resolution: "ansi-styles@npm:4.3.0"
  dependencies:
    color-convert: "npm:^2.0.1"
  checksum: 10/b4494dfbfc7e4591b4711a396bd27e540f8153914123dccb4cdbbcb514015ada63a3809f362b9d8d4f6b17a706f1d7bea3c6f974b15fa5ae76b5b502070889ff
  languageName: node
  linkType: hard

"chalk@npm:^4.1.2":
  version: 4.1.2
  resolution: "chalk@npm:4.1.2"
  dependencies:
    ansi-styles: "npm:^4.1.0"
    supports-color: "npm:^7.1.0"
  checksum: 10/cb3f3e594913d63b1814d7ca7c9bafbf895f75fbf93b92991980610dfd7b48500af4e3a5d4e3a8f337990a96b168d7eb84ee55efdce965e2ee8efc20f8c8f139
  languageName: node
  linkType: hard

"cliui@npm:^8.0.1":
  version: 8.0.1
  resolution: "cliui@npm:8.0.1"
  dependencies:
    string-width: "npm:^4.2.0"
    strip-ansi: "npm:^6.0.1"
    wrap-ansi: "npm:^7.0.0"
  checksum: 10/eaa5561aeb3135c2cddf7a3b3f562fc4238ff3b3fc666869ef2adf264be0f372136702f16add9299087fb1907c2e4ec5dbfe83bd24bce815c70a80c6c1a2e950
  languageName: node
  linkType: hard

"color-convert@npm:^2.0.1":
  version: 2.0.1
  resolution: "color-convert@npm:2.0.1"
  dependencies:
    color-name: "npm:~1.1.4"
  checksum: 10/fa00c91b4332b294de06b443923246bccebe9fab1b253f7fe1772d37b06a2269b4039a85e309abe1fe11b267b11c08d1d0473fda3badd6167f57313af2887a64
  languageName: node
  linkType: hard

"color-name@npm:~1.1.4":
  version: 1.1.4
  resolution: "color-name@npm:1.1.4"
  checksum: 10/b0445859521eb4021cd0fb0cc1a75cecf67fceecae89b63f62b201cca8d345baf8b952c966862a9d9a2632987d4f6581f0ec8d957dfacece86f0a7919316f610
  languageName: node
  linkType: hard

"debug@npm:^4.4.1":
  version: 4.4.3
  resolution: "debug@npm:4.4.3"
  dependencies:
    ms: "npm:^2.1.3"
  peerDependenciesMeta:
    supports-color:
      optional: true
  checksum: 10/9ada3434ea2993800bd9a1e320bd4aa7af69659fb51cca685d390949434bc0a8873c21ed7c9b852af6f2455a55c6d050aa3937d52b3c69f796dab666f762acad
  languageName: node
  linkType: hard

"emoji-regex@npm:^8.0.0":
  version: 8.0.0
  resolution: "emoji-regex@npm:8.0.0"
  checksum: 10/c72d67a6821be15ec11997877c437491c313d924306b8da5d87d2a2bcc2cec9903cb5b04ee1a088460501d8e5b44f10df82fdc93c444101a7610b80c8b6938e1
  languageName: node
  linkType: hard

"escalade@npm:^3.1.1":
  version: 3.2.0
  resolution: "escalade@npm:3.2.0"
  checksum: 10/9d7169e3965b2f9ae46971afa392f6e5a25545ea30f2e2dd99c9b0a95a3f52b5653681a84f5b2911a413ddad2d7a93d3514165072f349b5ffc59c75a899970d6
  languageName: node
  linkType: hard

"eventemitter3@npm:^5.0.1":
  version: 5.0.1
  resolution: "eventemitter3@npm:5.0.1"
  checksum: 10/ac6423ec31124629c84c7077eed1e6987f6d66c31cf43c6fcbf6c87791d56317ce808d9ead483652436df171b526fc7220eccdc9f3225df334e81582c3cf7dd5
  languageName: node
  linkType: hard

"get-caller-file@npm:^2.0.5":
  version: 2.0.5
  resolution: "get-caller-file@npm:2.0.5"
  checksum: 10/b9769a836d2a98c3ee734a88ba712e62703f1df31b94b784762c433c27a386dd6029ff55c2a920c392e33657d80191edbf18c61487e198844844516f843496b9
  languageName: node
  linkType: hard

"grafast@npm:^1.0.0-rc.1":
  version: 1.0.0-rc.1
  resolution: "grafast@npm:1.0.0-rc.1"
  dependencies:
    "@graphile/lru": "npm:^5.0.0-rc.1"
    chalk: "npm:^4.1.2"
    debug: "npm:^4.4.1"
    eventemitter3: "npm:^5.0.1"
    graphile-config: "npm:^1.0.0-rc.1"
    graphql: "npm:^16.9.0"
    iterall: "npm:^1.3.0"
    tslib: "npm:^2.8.1"
  peerDependencies:
    "@envelop/core": ^5.0.0
    graphql: ^16.9.0
  peerDependenciesMeta:
    "@envelop/core":
      optional: true
  checksum: 10/2be02160ca9b2dd0ea4e3d4976397b924d87950f1ffe0494cd29b888199033b53c3a7d66c67db3b48014c631fe3febabfa6d634411ecf6c23de8d0c310a1721b
  languageName: node
  linkType: hard

"graphile-config@npm:^1.0.0-rc.1":
  version: 1.0.0-rc.1
  resolution: "graphile-config@npm:1.0.0-rc.1"
  dependencies:
    "@types/interpret": "npm:^1.1.3"
    "@types/node": "npm:^22.16.3"
    "@types/semver": "npm:^7.7.0"
    chalk: "npm:^4.1.2"
    debug: "npm:^4.4.1"
    interpret: "npm:^3.1.1"
    semver: "npm:^7.7.2"
    tslib: "npm:^2.8.1"
    yargs: "npm:^17.7.2"
  checksum: 10/514e4dc1d9ef2eb6d81d9e0da032c921117d5c71f9413079793204372d0bdea9b26be284d6e9f051616fe78a59abd37c22cff4ac2077eb0267c9e9ab05109d62
  languageName: node
  linkType: hard

"graphql@npm:^16.12.0, graphql@npm:^16.9.0":
  version: 16.12.0
  resolution: "graphql@npm:16.12.0"
  checksum: 10/e299bc97cca178e549c8c1ed4cb164f631f07be987d3657f76cdf18c0250040cc0d456d4b6d41c87b855cac97b15a62ed345557527efcb0546492895a893bb87
  languageName: node
  linkType: hard

"has-flag@npm:^4.0.0":
  version: 4.0.0
  resolution: "has-flag@npm:4.0.0"
  checksum: 10/261a1357037ead75e338156b1f9452c016a37dcd3283a972a30d9e4a87441ba372c8b81f818cd0fbcd9c0354b4ae7e18b9e1afa1971164aef6d18c2b6095a8ad
  languageName: node
  linkType: hard

"interpret@npm:^3.1.1":
  version: 3.1.1
  resolution: "interpret@npm:3.1.1"
  checksum: 10/bc9e11126949c4e6ff49b0b819e923a9adc8e8bf3f9d4f2d782de6d5f592774f6fee4457c10bd08c6a2146b4baee460ccb242c99e5397defa9c846af0d00505a
  languageName: node
  linkType: hard

"is-fullwidth-code-point@npm:^3.0.0":
  version: 3.0.0
  resolution: "is-fullwidth-code-point@npm:3.0.0"
  checksum: 10/44a30c29457c7fb8f00297bce733f0a64cd22eca270f83e58c105e0d015e45c019491a4ab2faef91ab51d4738c670daff901c799f6a700e27f7314029e99e348
  languageName: node
  linkType: hard

"iterall@npm:^1.3.0":
  version: 1.3.0
  resolution: "iterall@npm:1.3.0"
  checksum: 10/700c3e9ae194a00b66dc8dcb449195f84add4e64afaf7ed624177e19565393f9bddd34d621ea70c8eceab87a8536fc0e45bb1c9d1ea7c710d41ed0c3d937b19f
  languageName: node
  linkType: hard

"ms@npm:^2.1.3":
  version: 2.1.3
  resolution: "ms@npm:2.1.3"
  checksum: 10/aa92de608021b242401676e35cfa5aa42dd70cbdc082b916da7fb925c542173e36bce97ea3e804923fe92c0ad991434e4a38327e15a1b5b5f945d66df615ae6d
  languageName: node
  linkType: hard

"prettier@npm:^3.6.2":
  version: 3.6.2
  resolution: "prettier@npm:3.6.2"
  bin:
    prettier: bin/prettier.cjs
  checksum: 10/1213691706bcef1371d16ef72773c8111106c3533b660b1cc8ec158bd109cdf1462804125f87f981f23c4a3dba053b6efafda30ab0114cc5b4a725606bb9ff26
  languageName: node
  linkType: hard

"require-directory@npm:^2.1.1":
  version: 2.1.1
  resolution: "require-directory@npm:2.1.1"
  checksum: 10/a72468e2589270d91f06c7d36ec97a88db53ae5d6fe3787fadc943f0b0276b10347f89b363b2a82285f650bdcc135ad4a257c61bdd4d00d6df1fa24875b0ddaf
  languageName: node
  linkType: hard

"root-workspace-0b6124@workspace:.":
  version: 0.0.0-use.local
  resolution: "root-workspace-0b6124@workspace:."
  dependencies:
    "@tsconfig/node-ts": "npm:^23.6.1"
    "@tsconfig/node24": "npm:^24.0.1"
    grafast: "npm:^1.0.0-rc.1"
    graphql: "npm:^16.12.0"
    prettier: "npm:^3.6.2"
  languageName: unknown
  linkType: soft

"semver@npm:^7.7.2":
  version: 7.7.3
  resolution: "semver@npm:7.7.3"
  bin:
    semver: bin/semver.js
  checksum: 10/8dbc3168e057a38fc322af909c7f5617483c50caddba135439ff09a754b20bdd6482a5123ff543dad4affa488ecf46ec5fb56d61312ad20bb140199b88dfaea9
  languageName: node
  linkType: hard

"string-width@npm:^4.1.0, string-width@npm:^4.2.0, string-width@npm:^4.2.3":
  version: 4.2.3
  resolution: "string-width@npm:4.2.3"
  dependencies:
    emoji-regex: "npm:^8.0.0"
    is-fullwidth-code-point: "npm:^3.0.0"
    strip-ansi: "npm:^6.0.1"
  checksum: 10/e52c10dc3fbfcd6c3a15f159f54a90024241d0f149cf8aed2982a2d801d2e64df0bf1dc351cf8e95c3319323f9f220c16e740b06faecd53e2462df1d2b5443fb
  languageName: node
  linkType: hard

"strip-ansi@npm:^6.0.0, strip-ansi@npm:^6.0.1":
  version: 6.0.1
  resolution: "strip-ansi@npm:6.0.1"
  dependencies:
    ansi-regex: "npm:^5.0.1"
  checksum: 10/ae3b5436d34fadeb6096367626ce987057713c566e1e7768818797e00ac5d62023d0f198c4e681eae9e20701721980b26a64a8f5b91238869592a9c6800719a2
  languageName: node
  linkType: hard

"supports-color@npm:^7.1.0":
  version: 7.2.0
  resolution: "supports-color@npm:7.2.0"
  dependencies:
    has-flag: "npm:^4.0.0"
  checksum: 10/c8bb7afd564e3b26b50ca6ee47572c217526a1389fe018d00345856d4a9b08ffbd61fadaf283a87368d94c3dcdb8f5ffe2650a5a65863e21ad2730ca0f05210a
  languageName: node
  linkType: hard

"tslib@npm:^2.8.1":
  version: 2.8.1
  resolution: "tslib@npm:2.8.1"
  checksum: 10/3e2e043d5c2316461cb54e5c7fe02c30ef6dccb3384717ca22ae5c6b5bc95232a6241df19c622d9c73b809bea33b187f6dbc73030963e29950c2141bc32a79f7
  languageName: node
  linkType: hard

"undici-types@npm:~6.21.0":
  version: 6.21.0
  resolution: "undici-types@npm:6.21.0"
  checksum: 10/ec8f41aa4359d50f9b59fa61fe3efce3477cc681908c8f84354d8567bb3701fafdddf36ef6bff307024d3feb42c837cf6f670314ba37fc8145e219560e473d14
  languageName: node
  linkType: hard

"undici-types@npm:~7.16.0":
  version: 7.16.0
  resolution: "undici-types@npm:7.16.0"
  checksum: 10/db43439f69c2d94cc29f75cbfe9de86df87061d6b0c577ebe9bb3255f49b22c50162a7d7eb413b0458b6510b8ca299ac7cff38c3a29fbd31af9f504bcf7fbc0d
  languageName: node
  linkType: hard

"wrap-ansi@npm:^7.0.0":
  version: 7.0.0
  resolution: "wrap-ansi@npm:7.0.0"
  dependencies:
    ansi-styles: "npm:^4.0.0"
    string-width: "npm:^4.1.0"
    strip-ansi: "npm:^6.0.0"
  checksum: 10/cebdaeca3a6880da410f75209e68cd05428580de5ad24535f22696d7d9cab134d1f8498599f344c3cf0fb37c1715807a183778d8c648d6cc0cb5ff2bb4236540
  languageName: node
  linkType: hard

"y18n@npm:^5.0.5":
  version: 5.0.8
  resolution: "y18n@npm:5.0.8"
  checksum: 10/5f1b5f95e3775de4514edbb142398a2c37849ccfaf04a015be5d75521e9629d3be29bd4432d23c57f37e5b61ade592fb0197022e9993f81a06a5afbdcda9346d
  languageName: node
  linkType: hard

"yargs-parser@npm:^21.1.1":
  version: 21.1.1
  resolution: "yargs-parser@npm:21.1.1"
  checksum: 10/9dc2c217ea3bf8d858041252d43e074f7166b53f3d010a8c711275e09cd3d62a002969a39858b92bbda2a6a63a585c7127014534a560b9c69ed2d923d113406e
  languageName: node
  linkType: hard

"yargs@npm:^17.7.2":
  version: 17.7.2
  resolution: "yargs@npm:17.7.2"
  dependencies:
    cliui: "npm:^8.0.1"
    escalade: "npm:^3.1.1"
    get-caller-file: "npm:^2.0.5"
    require-directory: "npm:^2.1.1"
    string-width: "npm:^4.2.3"
    y18n: "npm:^5.0.5"
    yargs-parser: "npm:^21.1.1"
  checksum: 10/abb3e37678d6e38ea85485ed86ebe0d1e3464c640d7d9069805ea0da12f69d5a32df8e5625e370f9c96dd1c2dc088ab2d0a4dd32af18222ef3c4224a19471576
  languageName: node
  linkType: hard
